
Microsoft Visual Studio Solution File, Format Version 12.00
Project("{FAE04EC0-301F-11D3-BF4B-00C04F79EFBC}") = "Simulation", "Simulation\Simulation.csproj", "{94889F81-4D75-4BF0-9F0A-A3F991262729}"
EndProject
Global
	GlobalSection(SolutionConfigurationPlatforms) = preSolution
		Debug|Any CPU = Debug|Any CPU
		Release|Any CPU = Release|Any CPU
	EndGlobalSection
	GlobalSection(ProjectConfigurationPlatforms) = postSolution
		{94889F81-4D75-4BF0-9F0A-A3F991262729}.Debug|Any CPU.ActiveCfg = Debug|Any CPU
		{94889F81-4D75-4BF0-9F0A-A3F991262729}.Debug|Any CPU.Build.0 = Debug|Any CPU
		{94889F81-4D75-4BF0-9F0A-A3F991262729}.Release|Any CPU.ActiveCfg = Release|Any CPU
		{94889F81-4D75-4BF0-9F0A-A3F991262729}.Release|Any CPU.Build.0 = Release|Any CPU
	EndGlobalSection
EndGlobal
